// !$*UTF8*$!
{
	archiveVersion = 1;
	classes = {
	};
	objectVersion = 48;
	objects = {

/* Begin PBXBuildFile section */
		C2742D851F213C1E00A0C615 /* Media.xcassets in Resources */ = {isa = PBXBuildFile; fileRef = C2742D841F213C1E00A0C615 /* Media.xcassets */; };
		C2C2CA3A1F201FB50064C368 /* Plane.swift in Sources */ = {isa = PBXBuildFile; fileRef = C2C2CA391F201FB50064C368 /* Plane.swift */; };
		C2C5237E1F20032200B078A2 /* AppDelegate.swift in Sources */ = {isa = PBXBuildFile; fileRef = C2C5237D1F20032200B078A2 /* AppDelegate.swift */; };
		C2C523821F20032200B078A2 /* ViewController.swift in Sources */ = {isa = PBXBuildFile; fileRef = C2C523811F20032200B078A2 /* ViewController.swift */; };
		C2C523851F20032200B078A2 /* Main.storyboard in Resources */ = {isa = PBXBuildFile; fileRef = C2C523831F20032200B078A2 /* Main.storyboard */; };
		C2C5238A1F20032200B078A2 /* LaunchScreen.storyboard in Resources */ = {isa = PBXBuildFile; fileRef = C2C523881F20032200B078A2 /* LaunchScreen.storyboard */; };
		C2C523921F20074F00B078A2 /* Toolbar.swift in Sources */ = {isa = PBXBuildFile; fileRef = C2C523911F20074F00B078A2 /* Toolbar.swift */; };
		C2CFE70B1F2047E5003232B3 /* Block.swift in Sources */ = {isa = PBXBuildFile; fileRef = C2CFE70A1F2047E5003232B3 /* Block.swift */; };
/* End PBXBuildFile section */

/* Begin PBXFileReference section */
		C2742D841F213C1E00A0C615 /* Media.xcassets */ = {isa = PBXFileReference; lastKnownFileType = folder.assetcatalog; path = Media.xcassets; sourceTree = "<group>"; };
		C2C2CA391F201FB50064C368 /* Plane.swift */ = {isa = PBXFileReference; lastKnownFileType = sourcecode.swift; path = Plane.swift; sourceTree = "<group>"; };
		C2C5237A1F20032200B078A2 /* 4K AR.app */ = {isa = PBXFileReference; explicitFileType = wrapper.application; includeInIndex = 0; path = "4K AR.app"; sourceTree = BUILT_PRODUCTS_DIR; };
		C2C5237D1F20032200B078A2 /* AppDelegate.swift */ = {isa = PBXFileReference; lastKnownFileType = sourcecode.swift; path = AppDelegate.swift; sourceTree = "<group>"; };
		C2C523811F20032200B078A2 /* ViewController.swift */ = {isa = PBXFileReference; lastKnownFileType = sourcecode.swift; path = ViewController.swift; sourceTree = "<group>"; };
		C2C523841F20032200B078A2 /* Base */ = {isa = PBXFileReference; lastKnownFileType = file.storyboard; name = Base; path = Base.lproj/Main.storyboard; sourceTree = "<group>"; };
		C2C523891F20032200B078A2 /* Base */ = {isa = PBXFileReference; lastKnownFileType = file.storyboard; name = Base; path = Base.lproj/LaunchScreen.storyboard; sourceTree = "<group>"; };
		C2C5238B1F20032200B078A2 /* Info.plist */ = {isa = PBXFileReference; lastKnownFileType = text.plist.xml; path = Info.plist; sourceTree = "<group>"; };
		C2C523911F20074F00B078A2 /* Toolbar.swift */ = {isa = PBXFileReference; lastKnownFileType = sourcecode.swift; path = Toolbar.swift; sourceTree = "<group>"; };
		C2CFE70A1F2047E5003232B3 /* Block.swift */ = {isa = PBXFileReference; lastKnownFileType = sourcecode.swift; path = Block.swift; sourceTree = "<group>"; };
/* End PBXFileReference section */

/* Begin PBXFrameworksBuildPhase section */
		C2C523771F20032200B078A2 /* Frameworks */ = {
			isa = PBXFrameworksBuildPhase;
			buildActionMask = 2147483647;
			files = (
			);
			runOnlyForDeploymentPostprocessing = 0;
		};
/* End PBXFrameworksBuildPhase section */

/* Begin PBXGroup section */
		C2C523711F20032200B078A2 = {
			isa = PBXGroup;
			children = (
				C2C5237C1F20032200B078A2 /* 4K AR */,
				C2C5237B1F20032200B078A2 /* Products */,
			);
			sourceTree = "<group>";
		};
		C2C5237B1F20032200B078A2 /* Products */ = {
			isa = PBXGroup;
			children = (
				C2C5237A1F20032200B078A2 /* 4K AR.app */,
			);
			name = Products;
			sourceTree = "<group>";
		};
		C2C5237C1F20032200B078A2 /* 4K AR */ = {
			isa = PBXGroup;
			children = (
				C2742D841F213C1E00A0C615 /* Media.xcassets */,
				C2C5237D1F20032200B078A2 /* AppDelegate.swift */,
				C2C523811F20032200B078A2 /* ViewController.swift */,
				C2C523831F20032200B078A2 /* Main.storyboard */,
				C2C523881F20032200B078A2 /* LaunchScreen.storyboard */,
				C2C5238B1F20032200B078A2 /* Info.plist */,
				C2C523911F20074F00B078A2 /* Toolbar.swift */,
				C2C2CA391F201FB50064C368 /* Plane.swift */,
				C2CFE70A1F2047E5003232B3 /* Block.swift */,
			);
			path = "4K AR";
			sourceTree = "<group>";
		};
/* End PBXGroup section */

/* Begin PBXNativeTarget section */
		C2C523791F20032200B078A2 /* 4K AR */ = {
			isa = PBXNativeTarget;
			buildConfigurationList = C2C5238E1F20032200B078A2 /* Build configuration list for PBXNativeTarget "4K AR" */;
			buildPhases = (
				C2C523761F20032200B078A2 /* Sources */,
				C2C523771F20032200B078A2 /* Frameworks */,
				C2C523781F20032200B078A2 /* Resources */,
			);
			buildRules = (
			);
			dependencies = (
			);
			name = "4K AR";
			productName = "4K AR";
			productReference = C2C5237A1F20032200B078A2 /* 4K AR.app */;
			productType = "com.apple.product-type.application";
		};
/* End PBXNativeTarget section */

/* Begin PBXProject section */
		C2C523721F20032200B078A2 /* Project object */ = {
			isa = PBXProject;
			attributes = {
				LastSwiftUpdateCheck = 0900;
				LastUpgradeCheck = 0900;
				ORGANIZATIONNAME = Flip;
				TargetAttributes = {
					C2C523791F20032200B078A2 = {
						CreatedOnToolsVersion = 9.0;
						ProvisioningStyle = Automatic;
					};
				};
			};
			buildConfigurationList = C2C523751F20032200B078A2 /* Build configuration list for PBXProject "4K AR" */;
			compatibilityVersion = "Xcode 8.0";
			developmentRegion = en;
			hasScannedForEncodings = 0;
			knownRegions = (
				en,
				Base,
			);
			mainGroup = C2C523711F20032200B078A2;
			productRefGroup = C2C5237B1F20032200B078A2 /* Products */;
			projectDirPath = "";
			projectRoot = "";
			targets = (
				C2C523791F20032200B078A2 /* 4K AR */,
			);
		};
/* End PBXProject section */

/* Begin PBXResourcesBuildPhase section */
		C2C523781F20032200B078A2 /* Resources */ = {
			isa = PBXResourcesBuildPhase;
			buildActionMask = 2147483647;
			files = (
				C2C5238A1F20032200B078A2 /* LaunchScreen.storyboard in Resources */,
				C2742D851F213C1E00A0C615 /* Media.xcassets in Resources */,
				C2C523851F20032200B078A2 /* Main.storyboard in Resources */,
			);
			runOnlyForDeploymentPostprocessing = 0;
		};
/* End PBXResourcesBuildPhase section */

/* Begin PBXSourcesBuildPhase section */
		C2C523761F20032200B078A2 /* Sources */ = {
			isa = PBXSourcesBuildPhase;
			buildActionMask = 2147483647;
			files = (
				C2C523921F20074F00B078A2 /* Toolbar.swift in Sources */,
				C2C523821F20032200B078A2 /* ViewController.swift in Sources */,
				C2C2CA3A1F201FB50064C368 /* Plane.swift in Sources */,
				C2C5237E1F20032200B078A2 /* AppDelegate.swift in Sources */,
				C2CFE70B1F2047E5003232B3 /* Block.swift in Sources */,
			);
			runOnlyForDeploymentPostprocessing = 0;
		};
/* End PBXSourcesBuildPhase section */

/* Begin PBXVariantGroup section */
		C2C523831F20032200B078A2 /* Main.storyboard */ = {
			isa = PBXVariantGroup;
			children = (
				C2C523841F20032200B078A2 /* Base */,
			);
			name = Main.storyboard;
			sourceTree = "<group>";
		};
		C2C523881F20032200B078A2 /* LaunchScreen.storyboard */ = {
			isa = PBXVariantGroup;
			children = (
				C2C523891F20032200B078A2 /* Base */,
			);
			name = LaunchScreen.storyboard;
			sourceTree = "<group>";
		};
/* End PBXVariantGroup section */

/* Begin XCBuildConfiguration section */
		C2C5238C1F20032200B078A2 /* Debug */ = {
			isa = XCBuildConfiguration;
			buildSettings = {
				ALWAYS_SEARCH_USER_PATHS = NO;
				CLANG_ANALYZER_NONNULL = YES;
				CLANG_ANALYZER_NUMBER_OBJECT_CONVERSION = YES_AGGRESSIVE;
				CLANG_CXX_LANGUAGE_STANDARD = "gnu++14";
				CLANG_CXX_LIBRARY = "libc++";
				CLANG_ENABLE_MODULES = YES;
				CLANG_ENABLE_OBJC_ARC = YES;
				CLANG_WARN_BLOCK_CAPTURE_AUTORELEASING = YES;
				CLANG_WARN_BOOL_CONVERSION = YES;
				CLANG_WARN_COMMA = YES;
				CLANG_WARN_CONSTANT_CONVERSION = YES;
				CLANG_WARN_DIRECT_OBJC_ISA_USAGE = YES_ERROR;
				CLANG_WARN_DOCUMENTATION_COMMENTS = YES;
				CLANG_WARN_EMPTY_BODY = YES;
				CLANG_WARN_ENUM_CONVERSION = YES;
				CLANG_WARN_INFINITE_RECURSION = YES;
				CLANG_WARN_INT_CONVERSION = YES;
				CLANG_WARN_NON_LITERAL_NULL_CONVERSION = YES;
				CLANG_WARN_OBJC_LITERAL_CONVERSION = YES;
				CLANG_WARN_OBJC_ROOT_CLASS = YES_ERROR;
				CLANG_WARN_RANGE_LOOP_ANALYSIS = YES;
				CLANG_WARN_STRICT_PROTOTYPES = YES;
				CLANG_WARN_SUSPICIOUS_MOVE = YES;
				CLANG_WARN_UNGUARDED_AVAILABILITY = YES_AGGRESSIVE;
				CLANG_WARN_UNREACHABLE_CODE = YES;
				CLANG_WARN__DUPLICATE_METHOD_MATCH = YES;
				CODE_SIGN_IDENTITY = "iPhone Developer";
				COPY_PHASE_STRIP = NO;
				DEBUG_INFORMATION_FORMAT = dwarf;
				ENABLE_STRICT_OBJC_MSGSEND = YES;
				ENABLE_TESTABILITY = YES;
				GCC_C_LANGUAGE_STANDARD = gnu11;
				GCC_DYNAMIC_NO_PIC = NO;
				GCC_NO_COMMON_BLOCKS = YES;
				GCC_OPTIMIZATION_LEVEL = 0;
				GCC_PREPROCESSOR_DEFINITIONS = (
					"DEBUG=1",
					"$(inherited)",
				);
				GCC_WARN_64_TO_32_BIT_CONVERSION = YES;
				GCC_WARN_ABOUT_RETURN_TYPE = YES_ERROR;
				GCC_WARN_UNDECLARED_SELECTOR = YES;
				GCC_WARN_UNINITIALIZED_AUTOS = YES_AGGRESSIVE;
				GCC_WARN_UNUSED_FUNCTION = YES;
				GCC_WARN_UNUSED_VARIABLE = YES;
				IPHONEOS_DEPLOYMENT_TARGET = 11.0;
				MTL_ENABLE_DEBUG_INFO = YES;
				ONLY_ACTIVE_ARCH = YES;
				SDKROOT = iphoneos;
				SWIFT_ACTIVE_COMPILATION_CONDITIONS = DEBUG;
				SWIFT_OPTIMIZATION_LEVEL = "-Onone";
			};
			name = Debug;
		};
		C2C5238D1F20032200B078A2 /* Release */ = {
			isa = XCBuildConfiguration;
			buildSettings = {
				ALWAYS_SEARCH_USER_PATHS = NO;
				CLANG_ANALYZER_NONNULL = YES;
				CLANG_ANALYZER_NUMBER_OBJECT_CONVERSION = YES_AGGRESSIVE;
				CLANG_CXX_LANGUAGE_STANDARD = "gnu++14";
				CLANG_CXX_LIBRARY = "libc++";
				CLANG_ENABLE_MODULES = YES;
				CLANG_ENABLE_OBJC_ARC = YES;
				CLANG_WARN_BLOCK_CAPTURE_AUTORELEASING = YES;
				CLANG_WARN_BOOL_CONVERSION = YES;
				CLANG_WARN_COMMA = YES;
				CLANG_WARN_CONSTANT_CONVERSION = YES;
				CLANG_WARN_DIRECT_OBJC_ISA_USAGE = YES_ERROR;
				CLANG_WARN_DOCUMENTATION_COMMENTS = YES;
				CLANG_WARN_EMPTY_BODY = YES;
				CLANG_WARN_ENUM_CONVERSION = YES;
				CLANG_WARN_INFINITE_RECURSION = YES;
				CLANG_WARN_INT_CONVERSION = YES;
				CLANG_WARN_NON_LITERAL_NULL_CONVERSION = YES;
				CLANG_WARN_OBJC_LITERAL_CONVERSION = YES;
				CLANG_WARN_OBJC_ROOT_CLASS = YES_ERROR;
				CLANG_WARN_RANGE_LOOP_ANALYSIS = YES;
				CLANG_WARN_STRICT_PROTOTYPES = YES;
				CLANG_WARN_SUSPICIOUS_MOVE = YES;
				CLANG_WARN_UNGUARDED_AVAILABILITY = YES_AGGRESSIVE;
				CLANG_WARN_UNREACHABLE_CODE = YES;
				CLANG_WARN__DUPLICATE_METHOD_MATCH = YES;
				CODE_SIGN_IDENTITY = "iPhone Developer";
				COPY_PHASE_STRIP = NO;
				DEBUG_INFORMATION_FORMAT = "dwarf-with-dsym";
				ENABLE_NS_ASSERTIONS = NO;
				ENABLE_STRICT_OBJC_MSGSEND = YES;
				GCC_C_LANGUAGE_STANDARD = gnu11;
				GCC_NO_COMMON_BLOCKS = YES;
				GCC_WARN_64_TO_32_BIT_CONVERSION = YES;
				GCC_WARN_ABOUT_RETURN_TYPE = YES_ERROR;
				GCC_WARN_UNDECLARED_SELECTOR = YES;
				GCC_WARN_UNINITIALIZED_AUTOS = YES_AGGRESSIVE;
				GCC_WARN_UNUSED_FUNCTION = YES;
				GCC_WARN_UNUSED_VARIABLE = YES;
				IPHONEOS_DEPLOYMENT_TARGET = 11.0;
				MTL_ENABLE_DEBUG_INFO = NO;
				SDKROOT = iphoneos;
				SWIFT_OPTIMIZATION_LEVEL = "-Owholemodule";
				VALIDATE_PRODUCT = YES;
			};
			name = Release;
		};
		C2C5238F1F20032200B078A2 /* Debug */ = {
			isa = XCBuildConfiguration;
			buildSettings = {
				"CODE_SIGN_IDENTITY[sdk=iphoneos*]" = "iPhone Developer";
				CODE_SIGN_STYLE = Automatic;
				DEVELOPMENT_TEAM = VU3TR37JS4;
				INFOPLIST_FILE = "4K AR/Info.plist";
				LD_RUNPATH_SEARCH_PATHS = "$(inherited) @executable_path/Frameworks";
				PRODUCT_BUNDLE_IDENTIFIER = "com.fourkitchens.-K-AR";
				PRODUCT_NAME = "$(TARGET_NAME)";
				PROVISIONING_PROFILE_SPECIFIER = "";
				SWIFT_VERSION = 4.0;
				TARGETED_DEVICE_FAMILY = "1,2";
			};
			name = Debug;
		};
		C2C523901F20032200B078A2 /* Release */ = {
			isa = XCBuildConfiguration;
			buildSettings = {
				"CODE_SIGN_IDENTITY[sdk=iphoneos*]" = "iPhone Developer";
				CODE_SIGN_STYLE = Automatic;
				DEVELOPMENT_TEAM = VU3TR37JS4;
				INFOPLIST_FILE = "4K AR/Info.plist";
				LD_RUNPATH_SEARCH_PATHS = "$(inherited) @executable_path/Frameworks";
				PRODUCT_BUNDLE_IDENTIFIER = "com.fourkitchens.-K-AR";
				PRODUCT_NAME = "$(TARGET_NAME)";
				PROVISIONING_PROFILE_SPECIFIER = "";
				SWIFT_VERSION = 4.0;
				TARGETED_DEVICE_FAMILY = "1,2";
			};
			name = Release;
		};
/* End XCBuildConfiguration section */

/* Begin XCConfigurationList section */
		C2C523751F20032200B078A2 /* Build configuration list for PBXProject "4K AR" */ = {
			isa = XCConfigurationList;
			buildConfigurations = (
				C2C5238C1F20032200B078A2 /* Debug */,
				C2C5238D1F20032200B078A2 /* Release */,
			);
			defaultConfigurationIsVisible = 0;
			defaultConfigurationName = Release;
		};
		C2C5238E1F20032200B078A2 /* Build configuration list for PBXNativeTarget "4K AR" */ = {
			isa = XCConfigurationList;
			buildConfigurations = (
				C2C5238F1F20032200B078A2 /* Debug */,
				C2C523901F20032200B078A2 /* Release */,
			);
			defaultConfigurationIsVisible = 0;
			defaultConfigurationName = Release;
		};
/* End XCConfigurationList section */
	};
	rootObject = C2C523721F20032200B078A2 /* Project object */;
}
